
Microsoft Visual Studio Solution File, Format Version 12.00
# Visual Studio 15
VisualStudioVersion = 15.0.27004.2005
MinimumVisualStudioVersion = 10.0.40219.1
Project("{9A19103F-16F7-4668-BE54-9A1E7A4F7556}") = "EnumerableSample", "EnumerableSample.csproj", "{2E54FCB5-19B1-45F6-80BC-A4FA0D20D2E8}"
EndProject
Project("{9A19103F-16F7-4668-BE54-9A1E7A4F7556}") = "DataLib", "..\DataLib\DataLib.csproj", "{5314F14A-5082-4EBE-9AD4-4990346C3400}"
EndProject
Global
	GlobalSection(SolutionConfigurationPlatforms) = preSolution
		Debug|Any CPU = Debug|Any CPU
		Release|Any CPU = Release|Any CPU
	EndGlobalSection
	GlobalSection(ProjectConfigurationPlatforms) = postSolution
		{2E54FCB5-19B1-45F6-80BC-A4FA0D20D2E8}.Debug|Any CPU.ActiveCfg = Debug|Any CPU
		{2E54FCB5-19B1-45F6-80BC-A4FA0D20D2E8}.Debug|Any CPU.Build.0 = Debug|Any CPU
		{2E54FCB5-19B1-45F6-80BC-A4FA0D20D2E8}.Release|Any CPU.ActiveCfg = Release|Any CPU
		{2E54FCB5-19B1-45F6-80BC-A4FA0D20D2E8}.Release|Any CPU.Build.0 = Release|Any CPU
		{5314F14A-5082-4EBE-9AD4-4990346C3400}.Debug|Any CPU.ActiveCfg = Debug|Any CPU
		{5314F14A-5082-4EBE-9AD4-4990346C3400}.Debug|Any CPU.Build.0 = Debug|Any CPU
		{5314F14A-5082-4EBE-9AD4-4990346C3400}.Release|Any CPU.ActiveCfg = Release|Any CPU
		{5314F14A-5082-4EBE-9AD4-4990346C3400}.Release|Any CPU.Build.0 = Release|Any CPU
	EndGlobalSection
	GlobalSection(SolutionProperties) = preSolution
		HideSolutionNode = FALSE
	EndGlobalSection
	GlobalSection(ExtensibilityGlobals) = postSolution
		SolutionGuid = {DC7CA6E3-51D2-4B33-A37D-4125D83E1CF6}
	EndGlobalSection
EndGlobal
