
Microsoft Visual Studio Solution File, Format Version 12.00
# Visual Studio 15
VisualStudioVersion = 15.0.27004.2005
MinimumVisualStudioVersion = 10.0.40219.1
Project("{FAE04EC0-301F-11D3-BF4B-00C04F79EFBC}") = "ASPNETCoreMVCSample", "ASPNETCoreMVCSample\ASPNETCoreMVCSample.csproj", "{F5756EA9-7525-41EE-A6F4-4E08A15FA047}"
EndProject
Global
	GlobalSection(SolutionConfigurationPlatforms) = preSolution
		Debug|Any CPU = Debug|Any CPU
		Release|Any CPU = Release|Any CPU
	EndGlobalSection
	GlobalSection(ProjectConfigurationPlatforms) = postSolution
		{F5756EA9-7525-41EE-A6F4-4E08A15FA047}.Debug|Any CPU.ActiveCfg = Debug|Any CPU
		{F5756EA9-7525-41EE-A6F4-4E08A15FA047}.Debug|Any CPU.Build.0 = Debug|Any CPU
		{F5756EA9-7525-41EE-A6F4-4E08A15FA047}.Release|Any CPU.ActiveCfg = Release|Any CPU
		{F5756EA9-7525-41EE-A6F4-4E08A15FA047}.Release|Any CPU.Build.0 = Release|Any CPU
	EndGlobalSection
	GlobalSection(SolutionProperties) = preSolution
		HideSolutionNode = FALSE
	EndGlobalSection
	GlobalSection(ExtensibilityGlobals) = postSolution
		SolutionGuid = {A5525ED6-FC87-4465-9045-EA0CFC2468AA}
	EndGlobalSection
EndGlobal
