
Microsoft Visual Studio Solution File, Format Version 12.00
# Visual Studio 15
VisualStudioVersion = 15.0.27004.2005
MinimumVisualStudioVersion = 10.0.40219.1
Project("{FAE04EC0-301F-11D3-BF4B-00C04F79EFBC}") = "DelegateSample", "DelegateSample\DelegateSample.csproj", "{B088F2D9-381D-4BBA-9556-486C71C72F92}"
EndProject
Global
	GlobalSection(SolutionConfigurationPlatforms) = preSolution
		Debug|Any CPU = Debug|Any CPU
		Release|Any CPU = Release|Any CPU
	EndGlobalSection
	GlobalSection(ProjectConfigurationPlatforms) = postSolution
		{B088F2D9-381D-4BBA-9556-486C71C72F92}.Debug|Any CPU.ActiveCfg = Debug|Any CPU
		{B088F2D9-381D-4BBA-9556-486C71C72F92}.Debug|Any CPU.Build.0 = Debug|Any CPU
		{B088F2D9-381D-4BBA-9556-486C71C72F92}.Release|Any CPU.ActiveCfg = Release|Any CPU
		{B088F2D9-381D-4BBA-9556-486C71C72F92}.Release|Any CPU.Build.0 = Release|Any CPU
	EndGlobalSection
	GlobalSection(SolutionProperties) = preSolution
		HideSolutionNode = FALSE
	EndGlobalSection
	GlobalSection(ExtensibilityGlobals) = postSolution
		SolutionGuid = {D63E2CF5-C278-42D2-9B18-BDB5C5F18FC6}
	EndGlobalSection
EndGlobal
